
Microsoft Visual Studio Solution File, Format Version 12.00
# Visual Studio Express 2012 for Web
Project("{FAE04EC0-301F-11D3-BF4B-00C04F79EFBC}") = "Aluno", "Aluno\Aluno.csproj", "{DC0E96AA-E9E1-4677-879F-E4DC5F6EE533}"
EndProject
Project("{FAE04EC0-301F-11D3-BF4B-00C04F79EFBC}") = "AlunoTest", "AlunoTest\AlunoTest.csproj", "{A0E3352C-DB8D-4D39-932E-21170DF027AA}"
EndProject
Global
	GlobalSection(SolutionConfigurationPlatforms) = preSolution
		Debug|Any CPU = Debug|Any CPU
		Release|Any CPU = Release|Any CPU
	EndGlobalSection
	GlobalSection(ProjectConfigurationPlatforms) = postSolution
		{DC0E96AA-E9E1-4677-879F-E4DC5F6EE533}.Debug|Any CPU.ActiveCfg = Debug|Any CPU
		{DC0E96AA-E9E1-4677-879F-E4DC5F6EE533}.Debug|Any CPU.Build.0 = Debug|Any CPU
		{DC0E96AA-E9E1-4677-879F-E4DC5F6EE533}.Release|Any CPU.ActiveCfg = Release|Any CPU
		{DC0E96AA-E9E1-4677-879F-E4DC5F6EE533}.Release|Any CPU.Build.0 = Release|Any CPU
		{A0E3352C-DB8D-4D39-932E-21170DF027AA}.Debug|Any CPU.ActiveCfg = Debug|Any CPU
		{A0E3352C-DB8D-4D39-932E-21170DF027AA}.Debug|Any CPU.Build.0 = Debug|Any CPU
		{A0E3352C-DB8D-4D39-932E-21170DF027AA}.Release|Any CPU.ActiveCfg = Release|Any CPU
		{A0E3352C-DB8D-4D39-932E-21170DF027AA}.Release|Any CPU.Build.0 = Release|Any CPU
	EndGlobalSection
	GlobalSection(SolutionProperties) = preSolution
		HideSolutionNode = FALSE
	EndGlobalSection
EndGlobal
